
Microsoft Visual Studio Solution File, Format Version 12.00
# Visual Studio Version 16
VisualStudioVersion = 16.0.30413.136
MinimumVisualStudioVersion = 10.0.40219.1
Project("{9A19103F-16F7-4668-BE54-9A1E7A4F7556}") = "MVC3", "MVC3.csproj", "{93B909BC-294E-415A-ABA1-96F56D2AB2A1}"
EndProject
Project("{9A19103F-16F7-4668-BE54-9A1E7A4F7556}") = "HospitalRepository", "..\Users\SagarPandita\Desktop\powershellgitclone\Learning2020\MVC3\HospitalRepository\HospitalRepository.csproj", "{7F633DEA-A911-4939-874D-6EFD9D07948C}"
EndProject
Project("{9A19103F-16F7-4668-BE54-9A1E7A4F7556}") = "PatientLibrary", Users\SagarPandita\Desktop\powershellgitclone\Learning2020\MVC3\PatientLibrary\PatientLibrary.csproj", "{461D95B8-0AFD-4BC8-9B2A-81637CF665B5}"
EndProject
Global
	GlobalSection(SolutionConfigurationPlatforms) = preSolution
		Debug|Any CPU = Debug|Any CPU
		Release|Any CPU = Release|Any CPU
	EndGlobalSection
	GlobalSection(ProjectConfigurationPlatforms) = postSolution
		{93B909BC-294E-415A-ABA1-96F56D2AB2A1}.Debug|Any CPU.ActiveCfg = Debug|Any CPU
		{93B909BC-294E-415A-ABA1-96F56D2AB2A1}.Debug|Any CPU.Build.0 = Debug|Any CPU
		{93B909BC-294E-415A-ABA1-96F56D2AB2A1}.Release|Any CPU.ActiveCfg = Release|Any CPU
		{93B909BC-294E-415A-ABA1-96F56D2AB2A1}.Release|Any CPU.Build.0 = Release|Any CPU
		{7F633DEA-A911-4939-874D-6EFD9D07948C}.Debug|Any CPU.ActiveCfg = Debug|Any CPU
		{7F633DEA-A911-4939-874D-6EFD9D07948C}.Debug|Any CPU.Build.0 = Debug|Any CPU
		{7F633DEA-A911-4939-874D-6EFD9D07948C}.Release|Any CPU.ActiveCfg = Release|Any CPU
		{7F633DEA-A911-4939-874D-6EFD9D07948C}.Release|Any CPU.Build.0 = Release|Any CPU
		{461D95B8-0AFD-4BC8-9B2A-81637CF665B5}.Debug|Any CPU.ActiveCfg = Debug|Any CPU
		{461D95B8-0AFD-4BC8-9B2A-81637CF665B5}.Debug|Any CPU.Build.0 = Debug|Any CPU
		{461D95B8-0AFD-4BC8-9B2A-81637CF665B5}.Release|Any CPU.ActiveCfg = Release|Any CPU
		{461D95B8-0AFD-4BC8-9B2A-81637CF665B5}.Release|Any CPU.Build.0 = Release|Any CPU
	EndGlobalSection
	GlobalSection(SolutionProperties) = preSolution
		HideSolutionNode = FALSE
	EndGlobalSection
	GlobalSection(ExtensibilityGlobals) = postSolution
		SolutionGuid = {47C76CC5-56C2-4538-8329-F38EFB089E70}
	EndGlobalSection
EndGlobal
